
Microsoft Visual Studio Solution File, Format Version 12.00
# Visual Studio Version 17
VisualStudioVersion = 17.14.36221.1 d17.14
MinimumVisualStudioVersion = 10.0.40219.1
Project("{8BC9CEB8-8B4A-11D0-8D11-00A0C91BC942}") = "Sandbox", "Sandbox\Sandbox.vcxproj", "{8D102439-961B-4B3E-AC7E-CCC53805B04B}"
EndProject
Project("{8BC9CEB8-8B4A-11D0-8D11-00A0C91BC942}") = "GameEngine", "GameEngine\GameEngine.vcxproj", "{A1ADDBAF-4A0D-4DCC-8E5A-068DBE83DA6D}"
EndProject
Global
	GlobalSection(SolutionConfigurationPlatforms) = preSolution
		Debug|x64 = Debug|x64
		Release|x64 = Release|x64
	EndGlobalSection
	GlobalSection(ProjectConfigurationPlatforms) = postSolution
		{A1ADDBAF-4A0D-4DCC-8E5A-068DBE83DA6D}.Debug|x64.ActiveCfg = Debug|x64
		{A1ADDBAF-4A0D-4DCC-8E5A-068DBE83DA6D}.Debug|x64.Build.0 = Debug|x64
		{A1ADDBAF-4A0D-4DCC-8E5A-068DBE83DA6D}.Release|x64.ActiveCfg = Release|x64
		{A1ADDBAF-4A0D-4DCC-8E5A-068DBE83DA6D}.Release|x64.Build.0 = Release|x64
		{8D102439-961B-4B3E-AC7E-CCC53805B04B}.Debug|x64.ActiveCfg = Debug|x64
		{8D102439-961B-4B3E-AC7E-CCC53805B04B}.Debug|x64.Build.0 = Debug|x64
		{8D102439-961B-4B3E-AC7E-CCC53805B04B}.Release|x64.ActiveCfg = Release|x64
		{8D102439-961B-4B3E-AC7E-CCC53805B04B}.Release|x64.Build.0 = Release|x64
	EndGlobalSection
	GlobalSection(SolutionProperties) = preSolution
		HideSolutionNode = FALSE
	EndGlobalSection
	GlobalSection(ExtensibilityGlobals) = postSolution
		SolutionGuid = {A5DDE13A-32DD-4AFE-92EC-9AD206A58516}
	EndGlobalSection
EndGlobal
